{
  "originHash" : "d944feb97f63d4f5b4cab21abdebf055efe1e70a957ab2ab408f89bff0425442",
  "pins" : [
    {
      "identity" : "sill",
      "kind" : "remoteSourceControl",
      "location" : "https://github.com/akira-toriyama/sill.git",
      "state" : {
        "revision" : "6aa9155e0ff821cc4f1417d78887af823e056e66",
        "version" : "0.9.1"
      }
    }
  ],
  "version" : 3
}
