{
  "originHash" : "16bed5e547133fb807e9b773ce0e5a31e209f56d25fdae9cdcf5cc4b5f21a599",
  "pins" : [
    {
      "identity" : "sill",
      "kind" : "remoteSourceControl",
      "location" : "https://github.com/akira-toriyama/sill.git",
      "state" : {
        "revision" : "8411abeab44e1fd13d86e513a6fde5529d2f0b9c",
        "version" : "0.7.1"
      }
    }
  ],
  "version" : 3
}
